// !$*UTF8*$!
{
	archiveVersion = 1;
	classes = {
	};
	objectVersion = 46;
	objects = {

/* Begin PBXBuildFile section */
		31B7CC2F1A6DF67800F47791 /* AppDelegate.swift in Sources */ = {isa = PBXBuildFile; fileRef = 31B7CC2E1A6DF67800F47791 /* AppDelegate.swift */; };
		31B7CC311A6DF67800F47791 /* ViewController.swift in Sources */ = {isa = PBXBuildFile; fileRef = 31B7CC301A6DF67800F47791 /* ViewController.swift */; };
		31B7CC341A6DF67800F47791 /* Main.storyboard in Resources */ = {isa = PBXBuildFile; fileRef = 31B7CC321A6DF67800F47791 /* Main.storyboard */; };
		31B7CC361A6DF67800F47791 /* Images.xcassets in Resources */ = {isa = PBXBuildFile; fileRef = 31B7CC351A6DF67800F47791 /* Images.xcassets */; };
		31B7CC391A6DF67800F47791 /* LaunchScreen.xib in Resources */ = {isa = PBXBuildFile; fileRef = 31B7CC371A6DF67800F47791 /* LaunchScreen.xib */; };
		31B7CC451A6DF67800F47791 /* EAS_Photo_BoothTests.swift in Sources */ = {isa = PBXBuildFile; fileRef = 31B7CC441A6DF67800F47791 /* EAS_Photo_BoothTests.swift */; };
/* End PBXBuildFile section */

/* Begin PBXContainerItemProxy section */
		31B7CC3F1A6DF67800F47791 /* PBXContainerItemProxy */ = {
			isa = PBXContainerItemProxy;
			containerPortal = 31B7CC211A6DF67800F47791 /* Project object */;
			proxyType = 1;
			remoteGlobalIDString = 31B7CC281A6DF67800F47791;
			remoteInfo = "EAS Photo Booth";
		};
/* End PBXContainerItemProxy section */

/* Begin PBXFileReference section */
		31B7CC291A6DF67800F47791 /* EAS Photo Booth.app */ = {isa = PBXFileReference; explicitFileType = wrapper.application; includeInIndex = 0; path = "EAS Photo Booth.app"; sourceTree = BUILT_PRODUCTS_DIR; };
		31B7CC2D1A6DF67800F47791 /* Info.plist */ = {isa = PBXFileReference; lastKnownFileType = text.plist.xml; path = Info.plist; sourceTree = "<group>"; };
		31B7CC2E1A6DF67800F47791 /* AppDelegate.swift */ = {isa = PBXFileReference; lastKnownFileType = sourcecode.swift; path = AppDelegate.swift; sourceTree = "<group>"; };
		31B7CC301A6DF67800F47791 /* ViewController.swift */ = {isa = PBXFileReference; lastKnownFileType = sourcecode.swift; path = ViewController.swift; sourceTree = "<group>"; };
		31B7CC331A6DF67800F47791 /* Base */ = {isa = PBXFileReference; lastKnownFileType = file.storyboard; name = Base; path = Base.lproj/Main.storyboard; sourceTree = "<group>"; };
		31B7CC351A6DF67800F47791 /* Images.xcassets */ = {isa = PBXFileReference; lastKnownFileType = folder.assetcatalog; path = Images.xcassets; sourceTree = "<group>"; };
		31B7CC381A6DF67800F47791 /* Base */ = {isa = PBXFileReference; lastKnownFileType = file.xib; name = Base; path = Base.lproj/LaunchScreen.xib; sourceTree = "<group>"; };
		31B7CC3E1A6DF67800F47791 /* EAS Photo BoothTests.xctest */ = {isa = PBXFileReference; explicitFileType = wrapper.cfbundle; includeInIndex = 0; path = "EAS Photo BoothTests.xctest"; sourceTree = BUILT_PRODUCTS_DIR; };
		31B7CC431A6DF67800F47791 /* Info.plist */ = {isa = PBXFileReference; lastKnownFileType = text.plist.xml; path = Info.plist; sourceTree = "<group>"; };
		31B7CC441A6DF67800F47791 /* EAS_Photo_BoothTests.swift */ = {isa = PBXFileReference; lastKnownFileType = sourcecode.swift; path = EAS_Photo_BoothTests.swift; sourceTree = "<group>"; };
/* End PBXFileReference section */

/* Begin PBXFrameworksBuildPhase section */
		31B7CC261A6DF67800F47791 /* Frameworks */ = {
			isa = PBXFrameworksBuildPhase;
			buildActionMask = 2147483647;
			files = (
			);
			runOnlyForDeploymentPostprocessing = 0;
		};
		31B7CC3B1A6DF67800F47791 /* Frameworks */ = {
			isa = PBXFrameworksBuildPhase;
			buildActionMask = 2147483647;
			files = (
			);
			runOnlyForDeploymentPostprocessing = 0;
		};
/* End PBXFrameworksBuildPhase section */

/* Begin PBXGroup section */
		31B7CC201A6DF67800F47791 = {
			isa = PBXGroup;
			children = (
				31B7CC2B1A6DF67800F47791 /* EAS Photo Booth */,
				31B7CC411A6DF67800F47791 /* EAS Photo BoothTests */,
				31B7CC2A1A6DF67800F47791 /* Products */,
			);
			sourceTree = "<group>";
		};
		31B7CC2A1A6DF67800F47791 /* Products */ = {
			isa = PBXGroup;
			children = (
				31B7CC291A6DF67800F47791 /* EAS Photo Booth.app */,
				31B7CC3E1A6DF67800F47791 /* EAS Photo BoothTests.xctest */,
			);
			name = Products;
			sourceTree = "<group>";
		};
		31B7CC2B1A6DF67800F47791 /* EAS Photo Booth */ = {
			isa = PBXGroup;
			children = (
				31B7CC2E1A6DF67800F47791 /* AppDelegate.swift */,
				31B7CC301A6DF67800F47791 /* ViewController.swift */,
				31B7CC321A6DF67800F47791 /* Main.storyboard */,
				31B7CC351A6DF67800F47791 /* Images.xcassets */,
				31B7CC371A6DF67800F47791 /* LaunchScreen.xib */,
				31B7CC2C1A6DF67800F47791 /* Supporting Files */,
			);
			path = "EAS Photo Booth";
			sourceTree = "<group>";
		};
		31B7CC2C1A6DF67800F47791 /* Supporting Files */ = {
			isa = PBXGroup;
			children = (
				31B7CC2D1A6DF67800F47791 /* Info.plist */,
			);
			name = "Supporting Files";
			sourceTree = "<group>";
		};
		31B7CC411A6DF67800F47791 /* EAS Photo BoothTests */ = {
			isa = PBXGroup;
			children = (
				31B7CC441A6DF67800F47791 /* EAS_Photo_BoothTests.swift */,
				31B7CC421A6DF67800F47791 /* Supporting Files */,
			);
			path = "EAS Photo BoothTests";
			sourceTree = "<group>";
		};
		31B7CC421A6DF67800F47791 /* Supporting Files */ = {
			isa = PBXGroup;
			children = (
				31B7CC431A6DF67800F47791 /* Info.plist */,
			);
			name = "Supporting Files";
			sourceTree = "<group>";
		};
/* End PBXGroup section */

/* Begin PBXNativeTarget section */
		31B7CC281A6DF67800F47791 /* EAS Photo Booth */ = {
			isa = PBXNativeTarget;
			buildConfigurationList = 31B7CC481A6DF67800F47791 /* Build configuration list for PBXNativeTarget "EAS Photo Booth" */;
			buildPhases = (
				31B7CC251A6DF67800F47791 /* Sources */,
				31B7CC261A6DF67800F47791 /* Frameworks */,
				31B7CC271A6DF67800F47791 /* Resources */,
			);
			buildRules = (
			);
			dependencies = (
			);
			name = "EAS Photo Booth";
			productName = "EAS Photo Booth";
			productReference = 31B7CC291A6DF67800F47791 /* EAS Photo Booth.app */;
			productType = "com.apple.product-type.application";
		};
		31B7CC3D1A6DF67800F47791 /* EAS Photo BoothTests */ = {
			isa = PBXNativeTarget;
			buildConfigurationList = 31B7CC4B1A6DF67800F47791 /* Build configuration list for PBXNativeTarget "EAS Photo BoothTests" */;
			buildPhases = (
				31B7CC3A1A6DF67800F47791 /* Sources */,
				31B7CC3B1A6DF67800F47791 /* Frameworks */,
				31B7CC3C1A6DF67800F47791 /* Resources */,
			);
			buildRules = (
			);
			dependencies = (
				31B7CC401A6DF67800F47791 /* PBXTargetDependency */,
			);
			name = "EAS Photo BoothTests";
			productName = "EAS Photo BoothTests";
			productReference = 31B7CC3E1A6DF67800F47791 /* EAS Photo BoothTests.xctest */;
			productType = "com.apple.product-type.bundle.unit-test";
		};
/* End PBXNativeTarget section */

/* Begin PBXProject section */
		31B7CC211A6DF67800F47791 /* Project object */ = {
			isa = PBXProject;
			attributes = {
				LastUpgradeCheck = 0610;
				ORGANIZATIONNAME = "B&T Inc.";
				TargetAttributes = {
					31B7CC281A6DF67800F47791 = {
						CreatedOnToolsVersion = 6.1.1;
					};
					31B7CC3D1A6DF67800F47791 = {
						CreatedOnToolsVersion = 6.1.1;
						TestTargetID = 31B7CC281A6DF67800F47791;
					};
				};
			};
			buildConfigurationList = 31B7CC241A6DF67800F47791 /* Build configuration list for PBXProject "EAS Photo Booth" */;
			compatibilityVersion = "Xcode 3.2";
			developmentRegion = English;
			hasScannedForEncodings = 0;
			knownRegions = (
				en,
				Base,
			);
			mainGroup = 31B7CC201A6DF67800F47791;
			productRefGroup = 31B7CC2A1A6DF67800F47791 /* Products */;
			projectDirPath = "";
			projectRoot = "";
			targets = (
				31B7CC281A6DF67800F47791 /* EAS Photo Booth */,
				31B7CC3D1A6DF67800F47791 /* EAS Photo BoothTests */,
			);
		};
/* End PBXProject section */

/* Begin PBXResourcesBuildPhase section */
		31B7CC271A6DF67800F47791 /* Resources */ = {
			isa = PBXResourcesBuildPhase;
			buildActionMask = 2147483647;
			files = (
				31B7CC341A6DF67800F47791 /* Main.storyboard in Resources */,
				31B7CC391A6DF67800F47791 /* LaunchScreen.xib in Resources */,
				31B7CC361A6DF67800F47791 /* Images.xcassets in Resources */,
			);
			runOnlyForDeploymentPostprocessing = 0;
		};
		31B7CC3C1A6DF67800F47791 /* Resources */ = {
			isa = PBXResourcesBuildPhase;
			buildActionMask = 2147483647;
			files = (
			);
			runOnlyForDeploymentPostprocessing = 0;
		};
/* End PBXResourcesBuildPhase section */

/* Begin PBXSourcesBuildPhase section */
		31B7CC251A6DF67800F47791 /* Sources */ = {
			isa = PBXSourcesBuildPhase;
			buildActionMask = 2147483647;
			files = (
				31B7CC311A6DF67800F47791 /* ViewController.swift in Sources */,
				31B7CC2F1A6DF67800F47791 /* AppDelegate.swift in Sources */,
			);
			runOnlyForDeploymentPostprocessing = 0;
		};
		31B7CC3A1A6DF67800F47791 /* Sources */ = {
			isa = PBXSourcesBuildPhase;
			buildActionMask = 2147483647;
			files = (
				31B7CC451A6DF67800F47791 /* EAS_Photo_BoothTests.swift in Sources */,
			);
			runOnlyForDeploymentPostprocessing = 0;
		};
/* End PBXSourcesBuildPhase section */

/* Begin PBXTargetDependency section */
		31B7CC401A6DF67800F47791 /* PBXTargetDependency */ = {
			isa = PBXTargetDependency;
			target = 31B7CC281A6DF67800F47791 /* EAS Photo Booth */;
			targetProxy = 31B7CC3F1A6DF67800F47791 /* PBXContainerItemProxy */;
		};
/* End PBXTargetDependency section */

/* Begin PBXVariantGroup section */
		31B7CC321A6DF67800F47791 /* Main.storyboard */ = {
			isa = PBXVariantGroup;
			children = (
				31B7CC331A6DF67800F47791 /* Base */,
			);
			name = Main.storyboard;
			sourceTree = "<group>";
		};
		31B7CC371A6DF67800F47791 /* LaunchScreen.xib */ = {
			isa = PBXVariantGroup;
			children = (
				31B7CC381A6DF67800F47791 /* Base */,
			);
			name = LaunchScreen.xib;
			sourceTree = "<group>";
		};
/* End PBXVariantGroup section */

/* Begin XCBuildConfiguration section */
		31B7CC461A6DF67800F47791 /* Debug */ = {
			isa = XCBuildConfiguration;
			buildSettings = {
				ALWAYS_SEARCH_USER_PATHS = NO;
				CLANG_CXX_LANGUAGE_STANDARD = "gnu++0x";
				CLANG_CXX_LIBRARY = "libc++";
				CLANG_ENABLE_MODULES = YES;
				CLANG_ENABLE_OBJC_ARC = YES;
				CLANG_WARN_BOOL_CONVERSION = YES;
				CLANG_WARN_CONSTANT_CONVERSION = YES;
				CLANG_WARN_DIRECT_OBJC_ISA_USAGE = YES_ERROR;
				CLANG_WARN_EMPTY_BODY = YES;
				CLANG_WARN_ENUM_CONVERSION = YES;
				CLANG_WARN_INT_CONVERSION = YES;
				CLANG_WARN_OBJC_ROOT_CLASS = YES_ERROR;
				CLANG_WARN_UNREACHABLE_CODE = YES;
				CLANG_WARN__DUPLICATE_METHOD_MATCH = YES;
				"CODE_SIGN_IDENTITY[sdk=iphoneos*]" = "iPhone Developer";
				COPY_PHASE_STRIP = NO;
				ENABLE_STRICT_OBJC_MSGSEND = YES;
				GCC_C_LANGUAGE_STANDARD = gnu99;
				GCC_DYNAMIC_NO_PIC = NO;
				GCC_OPTIMIZATION_LEVEL = 0;
				GCC_PREPROCESSOR_DEFINITIONS = (
					"DEBUG=1",
					"$(inherited)",
				);
				GCC_SYMBOLS_PRIVATE_EXTERN = NO;
				GCC_WARN_64_TO_32_BIT_CONVERSION = YES;
				GCC_WARN_ABOUT_RETURN_TYPE = YES_ERROR;
				GCC_WARN_UNDECLARED_SELECTOR = YES;
				GCC_WARN_UNINITIALIZED_AUTOS = YES_AGGRESSIVE;
				GCC_WARN_UNUSED_FUNCTION = YES;
				GCC_WARN_UNUSED_VARIABLE = YES;
				IPHONEOS_DEPLOYMENT_TARGET = 8.1;
				MTL_ENABLE_DEBUG_INFO = YES;
				ONLY_ACTIVE_ARCH = YES;
				SDKROOT = iphoneos;
				SWIFT_OPTIMIZATION_LEVEL = "-Onone";
				TARGETED_DEVICE_FAMILY = "1,2";
			};
			name = Debug;
		};
		31B7CC471A6DF67800F47791 /* Release */ = {
			isa = XCBuildConfiguration;
			buildSettings = {
				ALWAYS_SEARCH_USER_PATHS = NO;
				CLANG_CXX_LANGUAGE_STANDARD = "gnu++0x";
				CLANG_CXX_LIBRARY = "libc++";
				CLANG_ENABLE_MODULES = YES;
				CLANG_ENABLE_OBJC_ARC = YES;
				CLANG_WARN_BOOL_CONVERSION = YES;
				CLANG_WARN_CONSTANT_CONVERSION = YES;
				CLANG_WARN_DIRECT_OBJC_ISA_USAGE = YES_ERROR;
				CLANG_WARN_EMPTY_BODY = YES;
				CLANG_WARN_ENUM_CONVERSION = YES;
				CLANG_WARN_INT_CONVERSION = YES;
				CLANG_WARN_OBJC_ROOT_CLASS = YES_ERROR;
				CLANG_WARN_UNREACHABLE_CODE = YES;
				CLANG_WARN__DUPLICATE_METHOD_MATCH = YES;
				"CODE_SIGN_IDENTITY[sdk=iphoneos*]" = "iPhone Developer";
				COPY_PHASE_STRIP = YES;
				ENABLE_NS_ASSERTIONS = NO;
				ENABLE_STRICT_OBJC_MSGSEND = YES;
				GCC_C_LANGUAGE_STANDARD = gnu99;
				GCC_WARN_64_TO_32_BIT_CONVERSION = YES;
				GCC_WARN_ABOUT_RETURN_TYPE = YES_ERROR;
				GCC_WARN_UNDECLARED_SELECTOR = YES;
				GCC_WARN_UNINITIALIZED_AUTOS = YES_AGGRESSIVE;
				GCC_WARN_UNUSED_FUNCTION = YES;
				GCC_WARN_UNUSED_VARIABLE = YES;
				IPHONEOS_DEPLOYMENT_TARGET = 8.1;
				MTL_ENABLE_DEBUG_INFO = NO;
				SDKROOT = iphoneos;
				TARGETED_DEVICE_FAMILY = "1,2";
				VALIDATE_PRODUCT = YES;
			};
			name = Release;
		};
		31B7CC491A6DF67800F47791 /* Debug */ = {
			isa = XCBuildConfiguration;
			buildSettings = {
				ASSETCATALOG_COMPILER_APPICON_NAME = AppIcon;
				INFOPLIST_FILE = "EAS Photo Booth/Info.plist";
				LD_RUNPATH_SEARCH_PATHS = "$(inherited) @executable_path/Frameworks";
				PRODUCT_NAME = "$(TARGET_NAME)";
			};
			name = Debug;
		};
		31B7CC4A1A6DF67800F47791 /* Release */ = {
			isa = XCBuildConfiguration;
			buildSettings = {
				ASSETCATALOG_COMPILER_APPICON_NAME = AppIcon;
				INFOPLIST_FILE = "EAS Photo Booth/Info.plist";
				LD_RUNPATH_SEARCH_PATHS = "$(inherited) @executable_path/Frameworks";
				PRODUCT_NAME = "$(TARGET_NAME)";
			};
			name = Release;
		};
		31B7CC4C1A6DF67800F47791 /* Debug */ = {
			isa = XCBuildConfiguration;
			buildSettings = {
				BUNDLE_LOADER = "$(TEST_HOST)";
				FRAMEWORK_SEARCH_PATHS = (
					"$(SDKROOT)/Developer/Library/Frameworks",
					"$(inherited)",
				);
				GCC_PREPROCESSOR_DEFINITIONS = (
					"DEBUG=1",
					"$(inherited)",
				);
				INFOPLIST_FILE = "EAS Photo BoothTests/Info.plist";
				LD_RUNPATH_SEARCH_PATHS = "$(inherited) @executable_path/Frameworks @loader_path/Frameworks";
				PRODUCT_NAME = "$(TARGET_NAME)";
				TEST_HOST = "$(BUILT_PRODUCTS_DIR)/EAS Photo Booth.app/EAS Photo Booth";
			};
			name = Debug;
		};
		31B7CC4D1A6DF67800F47791 /* Release */ = {
			isa = XCBuildConfiguration;
			buildSettings = {
				BUNDLE_LOADER = "$(TEST_HOST)";
				FRAMEWORK_SEARCH_PATHS = (
					"$(SDKROOT)/Developer/Library/Frameworks",
					"$(inherited)",
				);
				INFOPLIST_FILE = "EAS Photo BoothTests/Info.plist";
				LD_RUNPATH_SEARCH_PATHS = "$(inherited) @executable_path/Frameworks @loader_path/Frameworks";
				PRODUCT_NAME = "$(TARGET_NAME)";
				TEST_HOST = "$(BUILT_PRODUCTS_DIR)/EAS Photo Booth.app/EAS Photo Booth";
			};
			name = Release;
		};
/* End XCBuildConfiguration section */

/* Begin XCConfigurationList section */
		31B7CC241A6DF67800F47791 /* Build configuration list for PBXProject "EAS Photo Booth" */ = {
			isa = XCConfigurationList;
			buildConfigurations = (
				31B7CC461A6DF67800F47791 /* Debug */,
				31B7CC471A6DF67800F47791 /* Release */,
			);
			defaultConfigurationIsVisible = 0;
			defaultConfigurationName = Release;
		};
		31B7CC481A6DF67800F47791 /* Build configuration list for PBXNativeTarget "EAS Photo Booth" */ = {
			isa = XCConfigurationList;
			buildConfigurations = (
				31B7CC491A6DF67800F47791 /* Debug */,
				31B7CC4A1A6DF67800F47791 /* Release */,
			);
			defaultConfigurationIsVisible = 0;
		};
		31B7CC4B1A6DF67800F47791 /* Build configuration list for PBXNativeTarget "EAS Photo BoothTests" */ = {
			isa = XCConfigurationList;
			buildConfigurations = (
				31B7CC4C1A6DF67800F47791 /* Debug */,
				31B7CC4D1A6DF67800F47791 /* Release */,
			);
			defaultConfigurationIsVisible = 0;
		};
/* End XCConfigurationList section */
	};
	rootObject = 31B7CC211A6DF67800F47791 /* Project object */;
}
